
Microsoft Visual Studio Solution File, Format Version 12.00
Project("{FAE04EC0-301F-11D3-BF4B-00C04F79EFBC}") = "P2CodeExecution", "P2CodeExecution\P2CodeExecution.csproj", "{7F573508-FF48-4F25-88DC-A31F75E61B11}"
EndProject
Project("{FAE04EC0-301F-11D3-BF4B-00C04F79EFBC}") = "P3PrintingOutPut", "P3PrintingOutPut\P3PrintingOutPut.csproj", "{36742DC8-2E65-4DDF-9DF7-B85084AED2C9}"
EndProject
Project("{FAE04EC0-301F-11D3-BF4B-00C04F79EFBC}") = "P4Comments", "P4Comments\P4Comments.csproj", "{6672DCA5-3901-4D06-A702-42F157205E6C}"
EndProject
Project("{FAE04EC0-301F-11D3-BF4B-00C04F79EFBC}") = "P5Variables", "P5Variables\P5Variables.csproj", "{3A5AD96B-88A8-42DB-AAD9-2E01997588CD}"
EndProject
Project("{FAE04EC0-301F-11D3-BF4B-00C04F79EFBC}") = "P6DataTypes", "P6DataTypes\P6DataTypes.csproj", "{370970D5-29D1-4DD8-9197-7CBD83B8CBBD}"
EndProject
Project("{FAE04EC0-301F-11D3-BF4B-00C04F79EFBC}") = "P7Input", "P7Input\P7Input.csproj", "{D97DA819-44D5-4EF1-9F3D-81EBDD6A11D6}"
EndProject
Global
	GlobalSection(SolutionConfigurationPlatforms) = preSolution
		Debug|Any CPU = Debug|Any CPU
		Release|Any CPU = Release|Any CPU
	EndGlobalSection
	GlobalSection(ProjectConfigurationPlatforms) = postSolution
		{7F573508-FF48-4F25-88DC-A31F75E61B11}.Debug|Any CPU.ActiveCfg = Debug|Any CPU
		{7F573508-FF48-4F25-88DC-A31F75E61B11}.Debug|Any CPU.Build.0 = Debug|Any CPU
		{7F573508-FF48-4F25-88DC-A31F75E61B11}.Release|Any CPU.ActiveCfg = Release|Any CPU
		{7F573508-FF48-4F25-88DC-A31F75E61B11}.Release|Any CPU.Build.0 = Release|Any CPU
		{36742DC8-2E65-4DDF-9DF7-B85084AED2C9}.Debug|Any CPU.ActiveCfg = Debug|Any CPU
		{36742DC8-2E65-4DDF-9DF7-B85084AED2C9}.Debug|Any CPU.Build.0 = Debug|Any CPU
		{36742DC8-2E65-4DDF-9DF7-B85084AED2C9}.Release|Any CPU.ActiveCfg = Release|Any CPU
		{36742DC8-2E65-4DDF-9DF7-B85084AED2C9}.Release|Any CPU.Build.0 = Release|Any CPU
		{6672DCA5-3901-4D06-A702-42F157205E6C}.Debug|Any CPU.ActiveCfg = Debug|Any CPU
		{6672DCA5-3901-4D06-A702-42F157205E6C}.Debug|Any CPU.Build.0 = Debug|Any CPU
		{6672DCA5-3901-4D06-A702-42F157205E6C}.Release|Any CPU.ActiveCfg = Release|Any CPU
		{6672DCA5-3901-4D06-A702-42F157205E6C}.Release|Any CPU.Build.0 = Release|Any CPU
		{3A5AD96B-88A8-42DB-AAD9-2E01997588CD}.Debug|Any CPU.ActiveCfg = Debug|Any CPU
		{3A5AD96B-88A8-42DB-AAD9-2E01997588CD}.Debug|Any CPU.Build.0 = Debug|Any CPU
		{3A5AD96B-88A8-42DB-AAD9-2E01997588CD}.Release|Any CPU.ActiveCfg = Release|Any CPU
		{3A5AD96B-88A8-42DB-AAD9-2E01997588CD}.Release|Any CPU.Build.0 = Release|Any CPU
		{370970D5-29D1-4DD8-9197-7CBD83B8CBBD}.Debug|Any CPU.ActiveCfg = Debug|Any CPU
		{370970D5-29D1-4DD8-9197-7CBD83B8CBBD}.Debug|Any CPU.Build.0 = Debug|Any CPU
		{370970D5-29D1-4DD8-9197-7CBD83B8CBBD}.Release|Any CPU.ActiveCfg = Release|Any CPU
		{370970D5-29D1-4DD8-9197-7CBD83B8CBBD}.Release|Any CPU.Build.0 = Release|Any CPU
		{D97DA819-44D5-4EF1-9F3D-81EBDD6A11D6}.Debug|Any CPU.ActiveCfg = Debug|Any CPU
		{D97DA819-44D5-4EF1-9F3D-81EBDD6A11D6}.Debug|Any CPU.Build.0 = Debug|Any CPU
		{D97DA819-44D5-4EF1-9F3D-81EBDD6A11D6}.Release|Any CPU.ActiveCfg = Release|Any CPU
		{D97DA819-44D5-4EF1-9F3D-81EBDD6A11D6}.Release|Any CPU.Build.0 = Release|Any CPU
	EndGlobalSection
EndGlobal
